
Microsoft Visual Studio Solution File, Format Version 12.00
# Visual Studio Version 16
VisualStudioVersion = 16.0.30717.126
MinimumVisualStudioVersion = 10.0.40219.1
Project("{A909FDDB-EFC0-483A-9022-C13879668218}") = "powertoys-shortcut", "powertoys-shortcut\powertoys-shortcut.csproj", "{22B84B64-ECCE-4332-8FEE-BABEF3534725}"
EndProject
Global
	GlobalSection(SolutionConfigurationPlatforms) = preSolution
		Debug|Any CPU = Debug|Any CPU
		Release|Any CPU = Release|Any CPU
	EndGlobalSection
	GlobalSection(ProjectConfigurationPlatforms) = postSolution
		{22B84B64-ECCE-4332-8FEE-BABEF3534725}.Debug|Any CPU.ActiveCfg = Debug|Any CPU
		{22B84B64-ECCE-4332-8FEE-BABEF3534725}.Debug|Any CPU.Build.0 = Debug|Any CPU
		{22B84B64-ECCE-4332-8FEE-BABEF3534725}.Release|Any CPU.ActiveCfg = Release|Any CPU
		{22B84B64-ECCE-4332-8FEE-BABEF3534725}.Release|Any CPU.Build.0 = Release|Any CPU
	EndGlobalSection
	GlobalSection(SolutionProperties) = preSolution
		HideSolutionNode = FALSE
	EndGlobalSection
	GlobalSection(ExtensibilityGlobals) = postSolution
		SolutionGuid = {41D4E936-0185-4C06-B94B-9FDE6E7CD00F}
	EndGlobalSection
EndGlobal
